PODS:
  - AdisonOfferwallSDK (2.4.2)
  - PayboocOfwModule (0.9.8):
    - AdisonOfferwallSDK (= 2.4.2)

DEPENDENCIES:
  - PayboocOfwModule (= 0.9.8)

SPEC REPOS:
  trunk:
    - AdisonOfferwallSDK
    - PayboocOfwModule

SPEC CHECKSUMS:
  AdisonOfferwallSDK: 55b8ce86aefbdfbf611795ff1cf3d7f6d8d0a160
  PayboocOfwModule: 1d53be62c25a74cdc346e0362d5afc7e7e368c44

PODFILE CHECKSUM: c5e144cee7ad864dbff4c2760373922eb4e6175a

COCOAPODS: 1.10.1
